
Microsoft Visual Studio Solution File, Format Version 12.00
# Visual Studio Version 16
VisualStudioVersion = 16.0.31005.135
MinimumVisualStudioVersion = 10.0.40219.1
Project("{FAE04EC0-301F-11D3-BF4B-00C04F79EFBC}") = "WindowsFormsApp1", "WindowsFormsApp1\WindowsFormsApp1.csproj", "{E3B951AD-103F-4D6C-9768-6769421BF945}"
EndProject
Global
	GlobalSection(SolutionConfigurationPlatforms) = preSolution
		Debug|Any CPU = Debug|Any CPU
		Release|Any CPU = Release|Any CPU
	EndGlobalSection
	GlobalSection(ProjectConfigurationPlatforms) = postSolution
		{E3B951AD-103F-4D6C-9768-6769421BF945}.Debug|Any CPU.ActiveCfg = Debug|Any CPU
		{E3B951AD-103F-4D6C-9768-6769421BF945}.Debug|Any CPU.Build.0 = Debug|Any CPU
		{E3B951AD-103F-4D6C-9768-6769421BF945}.Release|Any CPU.ActiveCfg = Release|Any CPU
		{E3B951AD-103F-4D6C-9768-6769421BF945}.Release|Any CPU.Build.0 = Release|Any CPU
	EndGlobalSection
	GlobalSection(SolutionProperties) = preSolution
		HideSolutionNode = FALSE
	EndGlobalSection
	GlobalSection(ExtensibilityGlobals) = postSolution
		SolutionGuid = {81B53AAA-70C4-426E-8193-ADC4EC5D0C94}
	EndGlobalSection
EndGlobal
